
Microsoft Visual Studio Solution File, Format Version 12.00
# Visual Studio Version 17
VisualStudioVersion = 17.10.34928.147
MinimumVisualStudioVersion = 10.0.40219.1
Project("{FAE04EC0-301F-11D3-BF4B-00C04F79EFBC}") = "challenges-and-data-structures", "challenges-and-data-structures\challenges-and-data-structures.csproj", "{568C2C91-6095-42A7-AC6D-4507F54EC052}"
EndProject
Global
	GlobalSection(SolutionConfigurationPlatforms) = preSolution
		Debug|Any CPU = Debug|Any CPU
		Release|Any CPU = Release|Any CPU
	EndGlobalSection
	GlobalSection(ProjectConfigurationPlatforms) = postSolution
		{568C2C91-6095-42A7-AC6D-4507F54EC052}.Debug|Any CPU.ActiveCfg = Debug|Any CPU
		{568C2C91-6095-42A7-AC6D-4507F54EC052}.Debug|Any CPU.Build.0 = Debug|Any CPU
		{568C2C91-6095-42A7-AC6D-4507F54EC052}.Release|Any CPU.ActiveCfg = Release|Any CPU
		{568C2C91-6095-42A7-AC6D-4507F54EC052}.Release|Any CPU.Build.0 = Release|Any CPU
	EndGlobalSection
	GlobalSection(SolutionProperties) = preSolution
		HideSolutionNode = FALSE
	EndGlobalSection
	GlobalSection(ExtensibilityGlobals) = postSolution
		SolutionGuid = {2F7B8386-7F93-4B32-BC25-28467C07DA02}
	EndGlobalSection
EndGlobal
